GEM
  remote: https://rubygems.org/
  specs:
    base64 (0.3.0)
    hashie (5.1.0)
      logger
    logger (1.7.0)
    macaddr (1.0.0)
    mini_portile2 (2.8.9)
    nokogiri (1.19.4)
      mini_portile2 (~> 2.8.2)
      racc (~> 1.4)
    omniauth (2.1.4)
      hashie (>= 3.4.6)
      logger
      rack (>= 2.2.3)
      rack-protection
    omniauth-saml (2.2.3)
      omniauth (~> 2.1)
      ruby-saml (~> 1.18)
    racc (1.8.1)
    rack (3.2.6)
    rack-protection (4.2.1)
      base64 (>= 0.1.0)
      logger (>= 1.6.0)
      rack (>= 3.0.0, < 4)
    rexml (3.4.4)
    ruby-saml (1.18.0)
      nokogiri (>= 1.13.10)
      rexml
    uuid (2.3.7)
      macaddr (~> 1.0)

PLATFORMS
  ruby

DEPENDENCIES
  macaddr (= 1.0.0)
  omniauth-saml (= 2.2.3)
  ruby-saml (= 1.18.0)
  uuid (= 2.3.7)

BUNDLED WITH
   2.7.2
